// !$*UTF8*$!
{
	archiveVersion = 1;
	classes = {
	};
	objectVersion = 56;
	objects = {

/* Begin PBXBuildFile section */
		EC7AB6FF2BA731DE00277A11 /* FeedCell.swift in Sources */ = {isa = PBXBuildFile; fileRef = EC7AB6FE2BA731DE00277A11 /* FeedCell.swift */; };
		EC90E2262BA766EC0019A2A1 /* SDWebImage in Frameworks */ = {isa = PBXBuildFile; productRef = EC90E2252BA766EC0019A2A1 /* SDWebImage */; };
		EC90E2482BA845B20019A2A1 /* CommentViewController.swift in Sources */ = {isa = PBXBuildFile; fileRef = EC90E2472BA845B20019A2A1 /* CommentViewController.swift */; };
		ECA5BEB82B9A5E470067B5EE /* FirebaseDatabase in Frameworks */ = {isa = PBXBuildFile; productRef = ECA5BEB72B9A5E470067B5EE /* FirebaseDatabase */; };
		ECA5BEBA2B9A5E470067B5EE /* FirebaseStorageCombine-Community in Frameworks */ = {isa = PBXBuildFile; productRef = ECA5BEB92B9A5E470067B5EE /* FirebaseStorageCombine-Community */; };
		ECA6C75F2B9A26B300B76979 /* FeedViewController.swift in Sources */ = {isa = PBXBuildFile; fileRef = ECA6C75E2B9A26B300B76979 /* FeedViewController.swift */; };
		ECA6C7612B9A2ACD00B76979 /* UploadViewController.swift in Sources */ = {isa = PBXBuildFile; fileRef = ECA6C7602B9A2ACD00B76979 /* UploadViewController.swift */; };
		ECA6C7652B9A2B4B00B76979 /* ProfileViewController.swift in Sources */ = {isa = PBXBuildFile; fileRef = ECA6C7642B9A2B4A00B76979 /* ProfileViewController.swift */; };
		ECDF85842B94BBD70009EA9A /* AppDelegate.swift in Sources */ = {isa = PBXBuildFile; fileRef = ECDF85832B94BBD70009EA9A /* AppDelegate.swift */; };
		ECDF85862B94BBD70009EA9A /* SceneDelegate.swift in Sources */ = {isa = PBXBuildFile; fileRef = ECDF85852B94BBD70009EA9A /* SceneDelegate.swift */; };
		ECDF85882B94BBD70009EA9A /* ViewController.swift in Sources */ = {isa = PBXBuildFile; fileRef = ECDF85872B94BBD70009EA9A /* ViewController.swift */; };
		ECDF858B2B94BBD70009EA9A /* Main.storyboard in Resources */ = {isa = PBXBuildFile; fileRef = ECDF85892B94BBD70009EA9A /* Main.storyboard */; };
		ECDF858D2B94BBD80009EA9A /* Assets.xcassets in Resources */ = {isa = PBXBuildFile; fileRef = ECDF858C2B94BBD80009EA9A /* Assets.xcassets */; };
		ECDF85902B94BBD80009EA9A /* LaunchScreen.storyboard in Resources */ = {isa = PBXBuildFile; fileRef = ECDF858E2B94BBD80009EA9A /* LaunchScreen.storyboard */; };
		ECDF859B2B94BBD90009EA9A /* SwiftySocialTests.swift in Sources */ = {isa = PBXBuildFile; fileRef = ECDF859A2B94BBD90009EA9A /* SwiftySocialTests.swift */; };
		ECDF85A52B94BBD90009EA9A /* SwiftySocialUITests.swift in Sources */ = {isa = PBXBuildFile; fileRef = ECDF85A42B94BBD90009EA9A /* SwiftySocialUITests.swift */; };
		ECDF85A72B94BBD90009EA9A /* SwiftySocialUITestsLaunchTests.swift in Sources */ = {isa = PBXBuildFile; fileRef = ECDF85A62B94BBD90009EA9A /* SwiftySocialUITestsLaunchTests.swift */; };
		ECDF85B52B94D18C0009EA9A /* RegViewController.swift in Sources */ = {isa = PBXBuildFile; fileRef = ECDF85B42B94D18C0009EA9A /* RegViewController.swift */; };
		ECDF85B62B94D18C0009EA9A /* RegViewController.swift in Sources */ = {isa = PBXBuildFile; fileRef = ECDF85B42B94D18C0009EA9A /* RegViewController.swift */; };
		ECDF85B72B94D18C0009EA9A /* RegViewController.swift in Sources */ = {isa = PBXBuildFile; fileRef = ECDF85B42B94D18C0009EA9A /* RegViewController.swift */; };
		ECDF85BD2B94D7DF0009EA9A /* FirebaseAuth in Frameworks */ = {isa = PBXBuildFile; productRef = ECDF85BC2B94D7DF0009EA9A /* FirebaseAuth */; };
		ECDF85BF2B94D7DF0009EA9A /* FirebaseFirestore in Frameworks */ = {isa = PBXBuildFile; productRef = ECDF85BE2B94D7DF0009EA9A /* FirebaseFirestore */; };
		ECDF85C12B94D7DF0009EA9A /* FirebaseFirestoreSwift in Frameworks */ = {isa = PBXBuildFile; productRef = ECDF85C02B94D7DF0009EA9A /* FirebaseFirestoreSwift */; };
		ECDF85C32B94D7DF0009EA9A /* FirebaseStorage in Frameworks */ = {isa = PBXBuildFile; productRef = ECDF85C22B94D7DF0009EA9A /* FirebaseStorage */; };
		ECDF85C52B94E42D0009EA9A /* GoogleService-Info.plist in Resources */ = {isa = PBXBuildFile; fileRef = ECDF85C42B94E42D0009EA9A /* GoogleService-Info.plist */; };
		ECDF85C62B94E42D0009EA9A /* GoogleService-Info.plist in Resources */ = {isa = PBXBuildFile; fileRef = ECDF85C42B94E42D0009EA9A /* GoogleService-Info.plist */; };
		ECDF85C72B94E42D0009EA9A /* GoogleService-Info.plist in Resources */ = {isa = PBXBuildFile; fileRef = ECDF85C42B94E42D0009EA9A /* GoogleService-Info.plist */; };
/* End PBXBuildFile section */

/* Begin PBXContainerItemProxy section */
		ECDF85972B94BBD90009EA9A /* PBXContainerItemProxy */ = {
			isa = PBXContainerItemProxy;
			containerPortal = ECDF85782B94BBD70009EA9A /* Project object */;
			proxyType = 1;
			remoteGlobalIDString = ECDF857F2B94BBD70009EA9A;
			remoteInfo = SwiftySocial;
		};
		ECDF85A12B94BBD90009EA9A /* PBXContainerItemProxy */ = {
			isa = PBXContainerItemProxy;
			containerPortal = ECDF85782B94BBD70009EA9A /* Project object */;
			proxyType = 1;
			remoteGlobalIDString = ECDF857F2B94BBD70009EA9A;
			remoteInfo = SwiftySocial;
		};
/* End PBXContainerItemProxy section */

/* Begin PBXFileReference section */
		EC7AB6FE2BA731DE00277A11 /* FeedCell.swift */ = {isa = PBXFileReference; lastKnownFileType = sourcecode.swift; path = FeedCell.swift; sourceTree = "<group>"; };
		EC90E2472BA845B20019A2A1 /* CommentViewController.swift */ = {isa = PBXFileReference; lastKnownFileType = sourcecode.swift; path = CommentViewController.swift; sourceTree = "<group>"; };
		ECA6C75E2B9A26B300B76979 /* FeedViewController.swift */ = {isa = PBXFileReference; lastKnownFileType = sourcecode.swift; path = FeedViewController.swift; sourceTree = "<group>"; };
		ECA6C7602B9A2ACD00B76979 /* UploadViewController.swift */ = {isa = PBXFileReference; lastKnownFileType = sourcecode.swift; path = UploadViewController.swift; sourceTree = "<group>"; };
		ECA6C7642B9A2B4A00B76979 /* ProfileViewController.swift */ = {isa = PBXFileReference; lastKnownFileType = sourcecode.swift; path = ProfileViewController.swift; sourceTree = "<group>"; };
		ECDF85802B94BBD70009EA9A /* SwiftySocial.app */ = {isa = PBXFileReference; explicitFileType = wrapper.application; includeInIndex = 0; path = SwiftySocial.app; sourceTree = BUILT_PRODUCTS_DIR; };
		ECDF85832B94BBD70009EA9A /* AppDelegate.swift */ = {isa = PBXFileReference; lastKnownFileType = sourcecode.swift; path = AppDelegate.swift; sourceTree = "<group>"; };
		ECDF85852B94BBD70009EA9A /* SceneDelegate.swift */ = {isa = PBXFileReference; lastKnownFileType = sourcecode.swift; path = SceneDelegate.swift; sourceTree = "<group>"; };
		ECDF85872B94BBD70009EA9A /* ViewController.swift */ = {isa = PBXFileReference; lastKnownFileType = sourcecode.swift; path = ViewController.swift; sourceTree = "<group>"; };
		ECDF858A2B94BBD70009EA9A /* Base */ = {isa = PBXFileReference; lastKnownFileType = file.storyboard; name = Base; path = Base.lproj/Main.storyboard; sourceTree = "<group>"; };
		ECDF858C2B94BBD80009EA9A /* Assets.xcassets */ = {isa = PBXFileReference; lastKnownFileType = folder.assetcatalog; path = Assets.xcassets; sourceTree = "<group>"; };
		ECDF858F2B94BBD80009EA9A /* Base */ = {isa = PBXFileReference; lastKnownFileType = file.storyboard; name = Base; path = Base.lproj/LaunchScreen.storyboard; sourceTree = "<group>"; };
		ECDF85912B94BBD80009EA9A /* Info.plist */ = {isa = PBXFileReference; lastKnownFileType = text.plist.xml; path = Info.plist; sourceTree = "<group>"; };
		ECDF85962B94BBD90009EA9A /* SwiftySocialTests.xctest */ = {isa = PBXFileReference; explicitFileType = wrapper.cfbundle; includeInIndex = 0; path = SwiftySocialTests.xctest; sourceTree = BUILT_PRODUCTS_DIR; };
		ECDF859A2B94BBD90009EA9A /* SwiftySocialTests.swift */ = {isa = PBXFileReference; lastKnownFileType = sourcecode.swift; path = SwiftySocialTests.swift; sourceTree = "<group>"; };
		ECDF85A02B94BBD90009EA9A /* SwiftySocialUITests.xctest */ = {isa = PBXFileReference; explicitFileType = wrapper.cfbundle; includeInIndex = 0; path = SwiftySocialUITests.xctest; sourceTree = BUILT_PRODUCTS_DIR; };
		ECDF85A42B94BBD90009EA9A /* SwiftySocialUITests.swift */ = {isa = PBXFileReference; lastKnownFileType = sourcecode.swift; path = SwiftySocialUITests.swift; sourceTree = "<group>"; };
		ECDF85A62B94BBD90009EA9A /* SwiftySocialUITestsLaunchTests.swift */ = {isa = PBXFileReference; lastKnownFileType = sourcecode.swift; path = SwiftySocialUITestsLaunchTests.swift; sourceTree = "<group>"; };
		ECDF85B42B94D18C0009EA9A /* RegViewController.swift */ = {isa = PBXFileReference; lastKnownFileType = sourcecode.swift; path = RegViewController.swift; sourceTree = "<group>"; };
		ECDF85C42B94E42D0009EA9A /* GoogleService-Info.plist */ = {isa = PBXFileReference; fileEncoding = 4; lastKnownFileType = text.plist.xml; path = "GoogleService-Info.plist"; sourceTree = "<group>"; };
/* End PBXFileReference section */

/* Begin PBXFrameworksBuildPhase section */
		ECDF857D2B94BBD70009EA9A /* Frameworks */ = {
			isa = PBXFrameworksBuildPhase;
			buildActionMask = 2147483647;
			files = (
				ECA5BEB82B9A5E470067B5EE /* FirebaseDatabase in Frameworks */,
				ECDF85BD2B94D7DF0009EA9A /* FirebaseAuth in Frameworks */,
				ECDF85C32B94D7DF0009EA9A /* FirebaseStorage in Frameworks */,
				EC90E2262BA766EC0019A2A1 /* SDWebImage in Frameworks */,
				ECDF85BF2B94D7DF0009EA9A /* FirebaseFirestore in Frameworks */,
				ECA5BEBA2B9A5E470067B5EE /* FirebaseStorageCombine-Community in Frameworks */,
				ECDF85C12B94D7DF0009EA9A /* FirebaseFirestoreSwift in Frameworks */,
			);
			runOnlyForDeploymentPostprocessing = 0;
		};
		ECDF85932B94BBD90009EA9A /* Frameworks */ = {
			isa = PBXFrameworksBuildPhase;
			buildActionMask = 2147483647;
			files = (
			);
			runOnlyForDeploymentPostprocessing = 0;
		};
		ECDF859D2B94BBD90009EA9A /* Frameworks */ = {
			isa = PBXFrameworksBuildPhase;
			buildActionMask = 2147483647;
			files = (
			);
			runOnlyForDeploymentPostprocessing = 0;
		};
/* End PBXFrameworksBuildPhase section */

/* Begin PBXGroup section */
		ECDF85772B94BBD70009EA9A = {
			isa = PBXGroup;
			children = (
				ECDF85822B94BBD70009EA9A /* SwiftySocial */,
				ECDF85992B94BBD90009EA9A /* SwiftySocialTests */,
				ECDF85A32B94BBD90009EA9A /* SwiftySocialUITests */,
				ECDF85812B94BBD70009EA9A /* Products */,
			);
			sourceTree = "<group>";
		};
		ECDF85812B94BBD70009EA9A /* Products */ = {
			isa = PBXGroup;
			children = (
				ECDF85802B94BBD70009EA9A /* SwiftySocial.app */,
				ECDF85962B94BBD90009EA9A /* SwiftySocialTests.xctest */,
				ECDF85A02B94BBD90009EA9A /* SwiftySocialUITests.xctest */,
			);
			name = Products;
			sourceTree = "<group>";
		};
		ECDF85822B94BBD70009EA9A /* SwiftySocial */ = {
			isa = PBXGroup;
			children = (
				ECDF85832B94BBD70009EA9A /* AppDelegate.swift */,
				ECDF85852B94BBD70009EA9A /* SceneDelegate.swift */,
				ECDF85872B94BBD70009EA9A /* ViewController.swift */,
				ECDF85B42B94D18C0009EA9A /* RegViewController.swift */,
				ECA6C75E2B9A26B300B76979 /* FeedViewController.swift */,
				EC7AB6FE2BA731DE00277A11 /* FeedCell.swift */,
				EC90E2472BA845B20019A2A1 /* CommentViewController.swift */,
				ECA6C7602B9A2ACD00B76979 /* UploadViewController.swift */,
				ECA6C7642B9A2B4A00B76979 /* ProfileViewController.swift */,
				ECDF85892B94BBD70009EA9A /* Main.storyboard */,
				ECDF858C2B94BBD80009EA9A /* Assets.xcassets */,
				ECDF858E2B94BBD80009EA9A /* LaunchScreen.storyboard */,
				ECDF85912B94BBD80009EA9A /* Info.plist */,
				ECDF85C42B94E42D0009EA9A /* GoogleService-Info.plist */,
			);
			path = SwiftySocial;
			sourceTree = "<group>";
		};
		ECDF85992B94BBD90009EA9A /* SwiftySocialTests */ = {
			isa = PBXGroup;
			children = (
				ECDF859A2B94BBD90009EA9A /* SwiftySocialTests.swift */,
			);
			path = SwiftySocialTests;
			sourceTree = "<group>";
		};
		ECDF85A32B94BBD90009EA9A /* SwiftySocialUITests */ = {
			isa = PBXGroup;
			children = (
				ECDF85A42B94BBD90009EA9A /* SwiftySocialUITests.swift */,
				ECDF85A62B94BBD90009EA9A /* SwiftySocialUITestsLaunchTests.swift */,
			);
			path = SwiftySocialUITests;
			sourceTree = "<group>";
		};
/* End PBXGroup section */

/* Begin PBXNativeTarget section */
		ECDF857F2B94BBD70009EA9A /* SwiftySocial */ = {
			isa = PBXNativeTarget;
			buildConfigurationList = ECDF85AA2B94BBD90009EA9A /* Build configuration list for PBXNativeTarget "SwiftySocial" */;
			buildPhases = (
				ECDF857C2B94BBD70009EA9A /* Sources */,
				ECDF857D2B94BBD70009EA9A /* Frameworks */,
				ECDF857E2B94BBD70009EA9A /* Resources */,
			);
			buildRules = (
			);
			dependencies = (
			);
			name = SwiftySocial;
			packageProductDependencies = (
				ECDF85BC2B94D7DF0009EA9A /* FirebaseAuth */,
				ECDF85BE2B94D7DF0009EA9A /* FirebaseFirestore */,
				ECDF85C02B94D7DF0009EA9A /* FirebaseFirestoreSwift */,
				ECDF85C22B94D7DF0009EA9A /* FirebaseStorage */,
				ECA5BEB72B9A5E470067B5EE /* FirebaseDatabase */,
				ECA5BEB92B9A5E470067B5EE /* FirebaseStorageCombine-Community */,
				EC90E2252BA766EC0019A2A1 /* SDWebImage */,
			);
			productName = SwiftySocial;
			productReference = ECDF85802B94BBD70009EA9A /* SwiftySocial.app */;
			productType = "com.apple.product-type.application";
		};
		ECDF85952B94BBD90009EA9A /* SwiftySocialTests */ = {
			isa = PBXNativeTarget;
			buildConfigurationList = ECDF85AD2B94BBD90009EA9A /* Build configuration list for PBXNativeTarget "SwiftySocialTests" */;
			buildPhases = (
				ECDF85922B94BBD90009EA9A /* Sources */,
				ECDF85932B94BBD90009EA9A /* Frameworks */,
				ECDF85942B94BBD90009EA9A /* Resources */,
			);
			buildRules = (
			);
			dependencies = (
				ECDF85982B94BBD90009EA9A /* PBXTargetDependency */,
			);
			name = SwiftySocialTests;
			productName = SwiftySocialTests;
			productReference = ECDF85962B94BBD90009EA9A /* SwiftySocialTests.xctest */;
			productType = "com.apple.product-type.bundle.unit-test";
		};
		ECDF859F2B94BBD90009EA9A /* SwiftySocialUITests */ = {
			isa = PBXNativeTarget;
			buildConfigurationList = ECDF85B02B94BBD90009EA9A /* Build configuration list for PBXNativeTarget "SwiftySocialUITests" */;
			buildPhases = (
				ECDF859C2B94BBD90009EA9A /* Sources */,
				ECDF859D2B94BBD90009EA9A /* Frameworks */,
				ECDF859E2B94BBD90009EA9A /* Resources */,
			);
			buildRules = (
			);
			dependencies = (
				ECDF85A22B94BBD90009EA9A /* PBXTargetDependency */,
			);
			name = SwiftySocialUITests;
			productName = SwiftySocialUITests;
			productReference = ECDF85A02B94BBD90009EA9A /* SwiftySocialUITests.xctest */;
			productType = "com.apple.product-type.bundle.ui-testing";
		};
/* End PBXNativeTarget section */

/* Begin PBXProject section */
		ECDF85782B94BBD70009EA9A /* Project object */ = {
			isa = PBXProject;
			attributes = {
				BuildIndependentTargetsInParallel = 1;
				LastSwiftUpdateCheck = 1520;
				LastUpgradeCheck = 1520;
				TargetAttributes = {
					ECDF857F2B94BBD70009EA9A = {
						CreatedOnToolsVersion = 15.2;
					};
					ECDF85952B94BBD90009EA9A = {
						CreatedOnToolsVersion = 15.2;
						TestTargetID = ECDF857F2B94BBD70009EA9A;
					};
					ECDF859F2B94BBD90009EA9A = {
						CreatedOnToolsVersion = 15.2;
						TestTargetID = ECDF857F2B94BBD70009EA9A;
					};
				};
			};
			buildConfigurationList = ECDF857B2B94BBD70009EA9A /* Build configuration list for PBXProject "SwiftySocial" */;
			compatibilityVersion = "Xcode 14.0";
			developmentRegion = en;
			hasScannedForEncodings = 0;
			knownRegions = (
				en,
				Base,
			);
			mainGroup = ECDF85772B94BBD70009EA9A;
			packageReferences = (
				ECDF85B32B94BE080009EA9A /* XCRemoteSwiftPackageReference "firebase-ios-sdk" */,
				EC90E2242BA766EC0019A2A1 /* XCRemoteSwiftPackageReference "SDWebImage" */,
			);
			productRefGroup = ECDF85812B94BBD70009EA9A /* Products */;
			projectDirPath = "";
			projectRoot = "";
			targets = (
				ECDF857F2B94BBD70009EA9A /* SwiftySocial */,
				ECDF85952B94BBD90009EA9A /* SwiftySocialTests */,
				ECDF859F2B94BBD90009EA9A /* SwiftySocialUITests */,
			);
		};
/* End PBXProject section */

/* Begin PBXResourcesBuildPhase section */
		ECDF857E2B94BBD70009EA9A /* Resources */ = {
			isa = PBXResourcesBuildPhase;
			buildActionMask = 2147483647;
			files = (
				ECDF85902B94BBD80009EA9A /* LaunchScreen.storyboard in Resources */,
				ECDF85C52B94E42D0009EA9A /* GoogleService-Info.plist in Resources */,
				ECDF858D2B94BBD80009EA9A /* Assets.xcassets in Resources */,
				ECDF858B2B94BBD70009EA9A /* Main.storyboard in Resources */,
			);
			runOnlyForDeploymentPostprocessing = 0;
		};
		ECDF85942B94BBD90009EA9A /* Resources */ = {
			isa = PBXResourcesBuildPhase;
			buildActionMask = 2147483647;
			files = (
				ECDF85C62B94E42D0009EA9A /* GoogleService-Info.plist in Resources */,
			);
			runOnlyForDeploymentPostprocessing = 0;
		};
		ECDF859E2B94BBD90009EA9A /* Resources */ = {
			isa = PBXResourcesBuildPhase;
			buildActionMask = 2147483647;
			files = (
				ECDF85C72B94E42D0009EA9A /* GoogleService-Info.plist in Resources */,
			);
			runOnlyForDeploymentPostprocessing = 0;
		};
/* End PBXResourcesBuildPhase section */

/* Begin PBXSourcesBuildPhase section */
		ECDF857C2B94BBD70009EA9A /* Sources */ = {
			isa = PBXSourcesBuildPhase;
			buildActionMask = 2147483647;
			files = (
				ECDF85882B94BBD70009EA9A /* ViewController.swift in Sources */,
				ECA6C7612B9A2ACD00B76979 /* UploadViewController.swift in Sources */,
				ECDF85842B94BBD70009EA9A /* AppDelegate.swift in Sources */,
				ECA6C75F2B9A26B300B76979 /* FeedViewController.swift in Sources */,
				ECA6C7652B9A2B4B00B76979 /* ProfileViewController.swift in Sources */,
				EC7AB6FF2BA731DE00277A11 /* FeedCell.swift in Sources */,
				ECDF85862B94BBD70009EA9A /* SceneDelegate.swift in Sources */,
				ECDF85B52B94D18C0009EA9A /* RegViewController.swift in Sources */,
				EC90E2482BA845B20019A2A1 /* CommentViewController.swift in Sources */,
			);
			runOnlyForDeploymentPostprocessing = 0;
		};
		ECDF85922B94BBD90009EA9A /* Sources */ = {
			isa = PBXSourcesBuildPhase;
			buildActionMask = 2147483647;
			files = (
				ECDF859B2B94BBD90009EA9A /* SwiftySocialTests.swift in Sources */,
				ECDF85B62B94D18C0009EA9A /* RegViewController.swift in Sources */,
			);
			runOnlyForDeploymentPostprocessing = 0;
		};
		ECDF859C2B94BBD90009EA9A /* Sources */ = {
			isa = PBXSourcesBuildPhase;
			buildActionMask = 2147483647;
			files = (
				ECDF85A52B94BBD90009EA9A /* SwiftySocialUITests.swift in Sources */,
				ECDF85B72B94D18C0009EA9A /* RegViewController.swift in Sources */,
				ECDF85A72B94BBD90009EA9A /* SwiftySocialUITestsLaunchTests.swift in Sources */,
			);
			runOnlyForDeploymentPostprocessing = 0;
		};
/* End PBXSourcesBuildPhase section */

/* Begin PBXTargetDependency section */
		ECDF85982B94BBD90009EA9A /* PBXTargetDependency */ = {
			isa = PBXTargetDependency;
			target = ECDF857F2B94BBD70009EA9A /* SwiftySocial */;
			targetProxy = ECDF85972B94BBD90009EA9A /* PBXContainerItemProxy */;
		};
		ECDF85A22B94BBD90009EA9A /* PBXTargetDependency */ = {
			isa = PBXTargetDependency;
			target = ECDF857F2B94BBD70009EA9A /* SwiftySocial */;
			targetProxy = ECDF85A12B94BBD90009EA9A /* PBXContainerItemProxy */;
		};
/* End PBXTargetDependency section */

/* Begin PBXVariantGroup section */
		ECDF85892B94BBD70009EA9A /* Main.storyboard */ = {
			isa = PBXVariantGroup;
			children = (
				ECDF858A2B94BBD70009EA9A /* Base */,
			);
			name = Main.storyboard;
			sourceTree = "<group>";
		};
		ECDF858E2B94BBD80009EA9A /* LaunchScreen.storyboard */ = {
			isa = PBXVariantGroup;
			children = (
				ECDF858F2B94BBD80009EA9A /* Base */,
			);
			name = LaunchScreen.storyboard;
			sourceTree = "<group>";
		};
/* End PBXVariantGroup section */

/* Begin XCBuildConfiguration section */
		ECDF85A82B94BBD90009EA9A /* Debug */ = {
			isa = XCBuildConfiguration;
			buildSettings = {
				ALWAYS_SEARCH_USER_PATHS = NO;
				ASSETCATALOG_COMPILER_GENERATE_SWIFT_ASSET_SYMBOL_EXTENSIONS = YES;
				CLANG_ANALYZER_NONNULL = YES;
				CLANG_ANALYZER_NUMBER_OBJECT_CONVERSION = YES_AGGRESSIVE;
				CLANG_CXX_LANGUAGE_STANDARD = "gnu++20";
				CLANG_ENABLE_MODULES = YES;
				CLANG_ENABLE_OBJC_ARC = YES;
				CLANG_ENABLE_OBJC_WEAK = YES;
				CLANG_WARN_BLOCK_CAPTURE_AUTORELEASING = YES;
				CLANG_WARN_BOOL_CONVERSION = YES;
				CLANG_WARN_COMMA = YES;
				CLANG_WARN_CONSTANT_CONVERSION = YES;
				CLANG_WARN_DEPRECATED_OBJC_IMPLEMENTATIONS = YES;
				CLANG_WARN_DIRECT_OBJC_ISA_USAGE = YES_ERROR;
				CLANG_WARN_DOCUMENTATION_COMMENTS = YES;
				CLANG_WARN_EMPTY_BODY = YES;
				CLANG_WARN_ENUM_CONVERSION = YES;
				CLANG_WARN_INFINITE_RECURSION = YES;
				CLANG_WARN_INT_CONVERSION = YES;
				CLANG_WARN_NON_LITERAL_NULL_CONVERSION = YES;
				CLANG_WARN_OBJC_IMPLICIT_RETAIN_SELF = YES;
				CLANG_WARN_OBJC_LITERAL_CONVERSION = YES;
				CLANG_WARN_OBJC_ROOT_CLASS = YES_ERROR;
				CLANG_WARN_QUOTED_INCLUDE_IN_FRAMEWORK_HEADER = YES;
				CLANG_WARN_RANGE_LOOP_ANALYSIS = YES;
				CLANG_WARN_STRICT_PROTOTYPES = YES;
				CLANG_WARN_SUSPICIOUS_MOVE = YES;
				CLANG_WARN_UNGUARDED_AVAILABILITY = YES_AGGRESSIVE;
				CLANG_WARN_UNREACHABLE_CODE = YES;
				CLANG_WARN__DUPLICATE_METHOD_MATCH = YES;
				COPY_PHASE_STRIP = NO;
				DEBUG_INFORMATION_FORMAT = dwarf;
				ENABLE_STRICT_OBJC_MSGSEND = YES;
				ENABLE_TESTABILITY = YES;
				ENABLE_USER_SCRIPT_SANDBOXING = YES;
				GCC_C_LANGUAGE_STANDARD = gnu17;
				GCC_DYNAMIC_NO_PIC = NO;
				GCC_NO_COMMON_BLOCKS = YES;
				GCC_OPTIMIZATION_LEVEL = 0;
				GCC_PREPROCESSOR_DEFINITIONS = (
					"DEBUG=1",
					"$(inherited)",
				);
				GCC_WARN_64_TO_32_BIT_CONVERSION = YES;
				GCC_WARN_ABOUT_RETURN_TYPE = YES_ERROR;
				GCC_WARN_UNDECLARED_SELECTOR = YES;
				GCC_WARN_UNINITIALIZED_AUTOS = YES_AGGRESSIVE;
				GCC_WARN_UNUSED_FUNCTION = YES;
				GCC_WARN_UNUSED_VARIABLE = YES;
				IPHONEOS_DEPLOYMENT_TARGET = 14.0;
				LOCALIZATION_PREFERS_STRING_CATALOGS = YES;
				MTL_ENABLE_DEBUG_INFO = INCLUDE_SOURCE;
				MTL_FAST_MATH = YES;
				ONLY_ACTIVE_ARCH = YES;
				SDKROOT = iphoneos;
				SWIFT_ACTIVE_COMPILATION_CONDITIONS = "DEBUG $(inherited)";
				SWIFT_OPTIMIZATION_LEVEL = "-Onone";
			};
			name = Debug;
		};
		ECDF85A92B94BBD90009EA9A /* Release */ = {
			isa = XCBuildConfiguration;
			buildSettings = {
				ALWAYS_SEARCH_USER_PATHS = NO;
				ASSETCATALOG_COMPILER_GENERATE_SWIFT_ASSET_SYMBOL_EXTENSIONS = YES;
				CLANG_ANALYZER_NONNULL = YES;
				CLANG_ANALYZER_NUMBER_OBJECT_CONVERSION = YES_AGGRESSIVE;
				CLANG_CXX_LANGUAGE_STANDARD = "gnu++20";
				CLANG_ENABLE_MODULES = YES;
				CLANG_ENABLE_OBJC_ARC = YES;
				CLANG_ENABLE_OBJC_WEAK = YES;
				CLANG_WARN_BLOCK_CAPTURE_AUTORELEASING = YES;
				CLANG_WARN_BOOL_CONVERSION = YES;
				CLANG_WARN_COMMA = YES;
				CLANG_WARN_CONSTANT_CONVERSION = YES;
				CLANG_WARN_DEPRECATED_OBJC_IMPLEMENTATIONS = YES;
				CLANG_WARN_DIRECT_OBJC_ISA_USAGE = YES_ERROR;
				CLANG_WARN_DOCUMENTATION_COMMENTS = YES;
				CLANG_WARN_EMPTY_BODY = YES;
				CLANG_WARN_ENUM_CONVERSION = YES;
				CLANG_WARN_INFINITE_RECURSION = YES;
				CLANG_WARN_INT_CONVERSION = YES;
				CLANG_WARN_NON_LITERAL_NULL_CONVERSION = YES;
				CLANG_WARN_OBJC_IMPLICIT_RETAIN_SELF = YES;
				CLANG_WARN_OBJC_LITERAL_CONVERSION = YES;
				CLANG_WARN_OBJC_ROOT_CLASS = YES_ERROR;
				CLANG_WARN_QUOTED_INCLUDE_IN_FRAMEWORK_HEADER = YES;
				CLANG_WARN_RANGE_LOOP_ANALYSIS = YES;
				CLANG_WARN_STRICT_PROTOTYPES = YES;
				CLANG_WARN_SUSPICIOUS_MOVE = YES;
				CLANG_WARN_UNGUARDED_AVAILABILITY = YES_AGGRESSIVE;
				CLANG_WARN_UNREACHABLE_CODE = YES;
				CLANG_WARN__DUPLICATE_METHOD_MATCH = YES;
				COPY_PHASE_STRIP = NO;
				DEBUG_INFORMATION_FORMAT = "dwarf-with-dsym";
				ENABLE_NS_ASSERTIONS = NO;
				ENABLE_STRICT_OBJC_MSGSEND = YES;
				ENABLE_USER_SCRIPT_SANDBOXING = YES;
				GCC_C_LANGUAGE_STANDARD = gnu17;
				GCC_NO_COMMON_BLOCKS = YES;
				GCC_WARN_64_TO_32_BIT_CONVERSION = YES;
				GCC_WARN_ABOUT_RETURN_TYPE = YES_ERROR;
				GCC_WARN_UNDECLARED_SELECTOR = YES;
				GCC_WARN_UNINITIALIZED_AUTOS = YES_AGGRESSIVE;
				GCC_WARN_UNUSED_FUNCTION = YES;
				GCC_WARN_UNUSED_VARIABLE = YES;
				IPHONEOS_DEPLOYMENT_TARGET = 14.0;
				LOCALIZATION_PREFERS_STRING_CATALOGS = YES;
				MTL_ENABLE_DEBUG_INFO = NO;
				MTL_FAST_MATH = YES;
				SDKROOT = iphoneos;
				SWIFT_COMPILATION_MODE = wholemodule;
				VALIDATE_PRODUCT = YES;
			};
			name = Release;
		};
		ECDF85AB2B94BBD90009EA9A /* Debug */ = {
			isa = XCBuildConfiguration;
			buildSettings = {
				ASSETCATALOG_COMPILER_APPICON_NAME = AppIcon;
				ASSETCATALOG_COMPILER_GLOBAL_ACCENT_COLOR_NAME = AccentColor;
				CODE_SIGN_STYLE = Automatic;
				CURRENT_PROJECT_VERSION = 1;
				DEVELOPMENT_TEAM = R8ZTVBW256;
				GENERATE_INFOPLIST_FILE = YES;
				INFOPLIST_FILE = SwiftySocial/Info.plist;
				INFOPLIST_KEY_UIApplicationSupportsIndirectInputEvents = YES;
				INFOPLIST_KEY_UILaunchStoryboardName = LaunchScreen;
				INFOPLIST_KEY_UIMainStoryboardFile = Main;
				INFOPLIST_KEY_UISupportedInterfaceOrientations = UIInterfaceOrientationPortrait;
				IPHONEOS_DEPLOYMENT_TARGET = 15.0;
				LD_RUNPATH_SEARCH_PATHS = (
					"$(inherited)",
					"@executable_path/Frameworks",
				);
				MARKETING_VERSION = 1.0;
				PRODUCT_BUNDLE_IDENTIFIER = TEZCAN.SwiftySocial;
				PRODUCT_NAME = "$(TARGET_NAME)";
				SWIFT_EMIT_LOC_STRINGS = YES;
				SWIFT_VERSION = 5.0;
				TARGETED_DEVICE_FAMILY = "1,2";
			};
			name = Debug;
		};
		ECDF85AC2B94BBD90009EA9A /* Release */ = {
			isa = XCBuildConfiguration;
			buildSettings = {
				ASSETCATALOG_COMPILER_APPICON_NAME = AppIcon;
				ASSETCATALOG_COMPILER_GLOBAL_ACCENT_COLOR_NAME = AccentColor;
				CODE_SIGN_STYLE = Automatic;
				CURRENT_PROJECT_VERSION = 1;
				DEVELOPMENT_TEAM = R8ZTVBW256;
				GENERATE_INFOPLIST_FILE = YES;
				INFOPLIST_FILE = SwiftySocial/Info.plist;
				INFOPLIST_KEY_UIApplicationSupportsIndirectInputEvents = YES;
				INFOPLIST_KEY_UILaunchStoryboardName = LaunchScreen;
				INFOPLIST_KEY_UIMainStoryboardFile = Main;
				INFOPLIST_KEY_UISupportedInterfaceOrientations = UIInterfaceOrientationPortrait;
				IPHONEOS_DEPLOYMENT_TARGET = 15.0;
				LD_RUNPATH_SEARCH_PATHS = (
					"$(inherited)",
					"@executable_path/Frameworks",
				);
				MARKETING_VERSION = 1.0;
				PRODUCT_BUNDLE_IDENTIFIER = TEZCAN.SwiftySocial;
				PRODUCT_NAME = "$(TARGET_NAME)";
				SWIFT_EMIT_LOC_STRINGS = YES;
				SWIFT_VERSION = 5.0;
				TARGETED_DEVICE_FAMILY = "1,2";
			};
			name = Release;
		};
		ECDF85AE2B94BBD90009EA9A /* Debug */ = {
			isa = XCBuildConfiguration;
			buildSettings = {
				ALWAYS_EMBED_SWIFT_STANDARD_LIBRARIES = YES;
				BUNDLE_LOADER = "$(TEST_HOST)";
				CODE_SIGN_STYLE = Automatic;
				CURRENT_PROJECT_VERSION = 1;
				DEVELOPMENT_TEAM = R8ZTVBW256;
				GENERATE_INFOPLIST_FILE = YES;
				IPHONEOS_DEPLOYMENT_TARGET = 17.2;
				MARKETING_VERSION = 1.0;
				PRODUCT_BUNDLE_IDENTIFIER = TEZCAN.SwiftySocialTests;
				PRODUCT_NAME = "$(TARGET_NAME)";
				SWIFT_EMIT_LOC_STRINGS = NO;
				SWIFT_VERSION = 5.0;
				TARGETED_DEVICE_FAMILY = "1,2";
				TEST_HOST = "$(BUILT_PRODUCTS_DIR)/SwiftySocial.app/$(BUNDLE_EXECUTABLE_FOLDER_PATH)/SwiftySocial";
			};
			name = Debug;
		};
		ECDF85AF2B94BBD90009EA9A /* Release */ = {
			isa = XCBuildConfiguration;
			buildSettings = {
				ALWAYS_EMBED_SWIFT_STANDARD_LIBRARIES = YES;
				BUNDLE_LOADER = "$(TEST_HOST)";
				CODE_SIGN_STYLE = Automatic;
				CURRENT_PROJECT_VERSION = 1;
				DEVELOPMENT_TEAM = R8ZTVBW256;
				GENERATE_INFOPLIST_FILE = YES;
				IPHONEOS_DEPLOYMENT_TARGET = 17.2;
				MARKETING_VERSION = 1.0;
				PRODUCT_BUNDLE_IDENTIFIER = TEZCAN.SwiftySocialTests;
				PRODUCT_NAME = "$(TARGET_NAME)";
				SWIFT_EMIT_LOC_STRINGS = NO;
				SWIFT_VERSION = 5.0;
				TARGETED_DEVICE_FAMILY = "1,2";
				TEST_HOST = "$(BUILT_PRODUCTS_DIR)/SwiftySocial.app/$(BUNDLE_EXECUTABLE_FOLDER_PATH)/SwiftySocial";
			};
			name = Release;
		};
		ECDF85B12B94BBD90009EA9A /* Debug */ = {
			isa = XCBuildConfiguration;
			buildSettings = {
				ALWAYS_EMBED_SWIFT_STANDARD_LIBRARIES = YES;
				CODE_SIGN_STYLE = Automatic;
				CURRENT_PROJECT_VERSION = 1;
				DEVELOPMENT_TEAM = R8ZTVBW256;
				GENERATE_INFOPLIST_FILE = YES;
				MARKETING_VERSION = 1.0;
				PRODUCT_BUNDLE_IDENTIFIER = TEZCAN.SwiftySocialUITests;
				PRODUCT_NAME = "$(TARGET_NAME)";
				SWIFT_EMIT_LOC_STRINGS = NO;
				SWIFT_VERSION = 5.0;
				TARGETED_DEVICE_FAMILY = "1,2";
				TEST_TARGET_NAME = SwiftySocial;
			};
			name = Debug;
		};
		ECDF85B22B94BBD90009EA9A /* Release */ = {
			isa = XCBuildConfiguration;
			buildSettings = {
				ALWAYS_EMBED_SWIFT_STANDARD_LIBRARIES = YES;
				CODE_SIGN_STYLE = Automatic;
				CURRENT_PROJECT_VERSION = 1;
				DEVELOPMENT_TEAM = R8ZTVBW256;
				GENERATE_INFOPLIST_FILE = YES;
				MARKETING_VERSION = 1.0;
				PRODUCT_BUNDLE_IDENTIFIER = TEZCAN.SwiftySocialUITests;
				PRODUCT_NAME = "$(TARGET_NAME)";
				SWIFT_EMIT_LOC_STRINGS = NO;
				SWIFT_VERSION = 5.0;
				TARGETED_DEVICE_FAMILY = "1,2";
				TEST_TARGET_NAME = SwiftySocial;
			};
			name = Release;
		};
/* End XCBuildConfiguration section */

/* Begin XCConfigurationList section */
		ECDF857B2B94BBD70009EA9A /* Build configuration list for PBXProject "SwiftySocial" */ = {
			isa = XCConfigurationList;
			buildConfigurations = (
				ECDF85A82B94BBD90009EA9A /* Debug */,
				ECDF85A92B94BBD90009EA9A /* Release */,
			);
			defaultConfigurationIsVisible = 0;
			defaultConfigurationName = Release;
		};
		ECDF85AA2B94BBD90009EA9A /* Build configuration list for PBXNativeTarget "SwiftySocial" */ = {
			isa = XCConfigurationList;
			buildConfigurations = (
				ECDF85AB2B94BBD90009EA9A /* Debug */,
				ECDF85AC2B94BBD90009EA9A /* Release */,
			);
			defaultConfigurationIsVisible = 0;
			defaultConfigurationName = Release;
		};
		ECDF85AD2B94BBD90009EA9A /* Build configuration list for PBXNativeTarget "SwiftySocialTests" */ = {
			isa = XCConfigurationList;
			buildConfigurations = (
				ECDF85AE2B94BBD90009EA9A /* Debug */,
				ECDF85AF2B94BBD90009EA9A /* Release */,
			);
			defaultConfigurationIsVisible = 0;
			defaultConfigurationName = Release;
		};
		ECDF85B02B94BBD90009EA9A /* Build configuration list for PBXNativeTarget "SwiftySocialUITests" */ = {
			isa = XCConfigurationList;
			buildConfigurations = (
				ECDF85B12B94BBD90009EA9A /* Debug */,
				ECDF85B22B94BBD90009EA9A /* Release */,
			);
			defaultConfigurationIsVisible = 0;
			defaultConfigurationName = Release;
		};
/* End XCConfigurationList section */

/* Begin XCRemoteSwiftPackageReference section */
		EC90E2242BA766EC0019A2A1 /* XCRemoteSwiftPackageReference "SDWebImage" */ = {
			isa = XCRemoteSwiftPackageReference;
			repositoryURL = "https://github.com/SDWebImage/SDWebImage";
			requirement = {
				kind = upToNextMajorVersion;
				minimumVersion = 5.19.0;
			};
		};
		ECDF85B32B94BE080009EA9A /* XCRemoteSwiftPackageReference "firebase-ios-sdk" */ = {
			isa = XCRemoteSwiftPackageReference;
			repositoryURL = "https://github.com/firebase/firebase-ios-sdk.git";
			requirement = {
				kind = upToNextMajorVersion;
				minimumVersion = 10.21.0;
			};
		};
/* End XCRemoteSwiftPackageReference section */

/* Begin XCSwiftPackageProductDependency section */
		EC90E2252BA766EC0019A2A1 /* SDWebImage */ = {
			isa = XCSwiftPackageProductDependency;
			package = EC90E2242BA766EC0019A2A1 /* XCRemoteSwiftPackageReference "SDWebImage" */;
			productName = SDWebImage;
		};
		ECA5BEB72B9A5E470067B5EE /* FirebaseDatabase */ = {
			isa = XCSwiftPackageProductDependency;
			package = ECDF85B32B94BE080009EA9A /* XCRemoteSwiftPackageReference "firebase-ios-sdk" */;
			productName = FirebaseDatabase;
		};
		ECA5BEB92B9A5E470067B5EE /* FirebaseStorageCombine-Community */ = {
			isa = XCSwiftPackageProductDependency;
			package = ECDF85B32B94BE080009EA9A /* XCRemoteSwiftPackageReference "firebase-ios-sdk" */;
			productName = "FirebaseStorageCombine-Community";
		};
		ECDF85BC2B94D7DF0009EA9A /* FirebaseAuth */ = {
			isa = XCSwiftPackageProductDependency;
			package = ECDF85B32B94BE080009EA9A /* XCRemoteSwiftPackageReference "firebase-ios-sdk" */;
			productName = FirebaseAuth;
		};
		ECDF85BE2B94D7DF0009EA9A /* FirebaseFirestore */ = {
			isa = XCSwiftPackageProductDependency;
			package = ECDF85B32B94BE080009EA9A /* XCRemoteSwiftPackageReference "firebase-ios-sdk" */;
			productName = FirebaseFirestore;
		};
		ECDF85C02B94D7DF0009EA9A /* FirebaseFirestoreSwift */ = {
			isa = XCSwiftPackageProductDependency;
			package = ECDF85B32B94BE080009EA9A /* XCRemoteSwiftPackageReference "firebase-ios-sdk" */;
			productName = FirebaseFirestoreSwift;
		};
		ECDF85C22B94D7DF0009EA9A /* FirebaseStorage */ = {
			isa = XCSwiftPackageProductDependency;
			package = ECDF85B32B94BE080009EA9A /* XCRemoteSwiftPackageReference "firebase-ios-sdk" */;
			productName = FirebaseStorage;
		};
/* End XCSwiftPackageProductDependency section */
	};
	rootObject = ECDF85782B94BBD70009EA9A /* Project object */;
}
